
Microsoft Visual Studio Solution File, Format Version 11.00
# Visual Studio 2010
Project("{8BC9CEB8-8B4A-11D0-8D11-00A0C91BC942}") = "EVS_decoder", "EVS_decoder\EVS_decoder.vcxproj", "{E00C6A2B-258E-42C6-BAB0-F0EDE867E033}"
EndProject
Global
	GlobalSection(SolutionConfigurationPlatforms) = preSolution
		Debug|Win32 = Debug|Win32
		Release|Win32 = Release|Win32
	EndGlobalSection
	GlobalSection(ProjectConfigurationPlatforms) = postSolution
		{E00C6A2B-258E-42C6-BAB0-F0EDE867E033}.Debug|Win32.ActiveCfg = Debug|Win32
		{E00C6A2B-258E-42C6-BAB0-F0EDE867E033}.Debug|Win32.Build.0 = Debug|Win32
		{E00C6A2B-258E-42C6-BAB0-F0EDE867E033}.Release|Win32.ActiveCfg = Release|Win32
		{E00C6A2B-258E-42C6-BAB0-F0EDE867E033}.Release|Win32.Build.0 = Release|Win32
	EndGlobalSection
	GlobalSection(SolutionProperties) = preSolution
		HideSolutionNode = FALSE
	EndGlobalSection
EndGlobal
